// !$*UTF8*$!
{
	archiveVersion = 1;
	classes = {
	};
	objectVersion = 46;
	objects = {

/* Begin PBXBuildFile section */
		6311E8041B6263B3003070A0 /* main.m in Sources */ = {isa = PBXBuildFile; fileRef = 6311E8031B6263B3003070A0 /* main.m */; };
		6311E8071B6263B3003070A0 /* AppDelegate.m in Sources */ = {isa = PBXBuildFile; fileRef = 6311E8061B6263B3003070A0 /* AppDelegate.m */; };
		6311E80A1B6263B3003070A0 /* MainScreen.m in Sources */ = {isa = PBXBuildFile; fileRef = 6311E8091B6263B3003070A0 /* MainScreen.m */; };
		6311E80D1B6263B3003070A0 /* Main.storyboard in Resources */ = {isa = PBXBuildFile; fileRef = 6311E80B1B6263B3003070A0 /* Main.storyboard */; };
		6311E80F1B6263B3003070A0 /* Images.xcassets in Resources */ = {isa = PBXBuildFile; fileRef = 6311E80E1B6263B3003070A0 /* Images.xcassets */; };
		6311E8121B6263B3003070A0 /* LaunchScreen.xib in Resources */ = {isa = PBXBuildFile; fileRef = 6311E8101B6263B3003070A0 /* LaunchScreen.xib */; };
		6358BE921B632D45002F610B /* WebScreen.m in Sources */ = {isa = PBXBuildFile; fileRef = 6358BE911B632D45002F610B /* WebScreen.m */; };
		635A72151B626E89001C9E4D /* GCDAsyncSocket.m in Sources */ = {isa = PBXBuildFile; fileRef = 635A72121B626E89001C9E4D /* GCDAsyncSocket.m */; };
		635A72161B626E89001C9E4D /* GCDAsyncUdpSocket.m in Sources */ = {isa = PBXBuildFile; fileRef = 635A72141B626E89001C9E4D /* GCDAsyncUdpSocket.m */; };
		635A72191B626EDD001C9E4D /* StalkAgentScanner.m in Sources */ = {isa = PBXBuildFile; fileRef = 635A72181B626EDD001C9E4D /* StalkAgentScanner.m */; };
/* End PBXBuildFile section */

/* Begin PBXFileReference section */
		6311E7FE1B6263B3003070A0 /* STALK.app */ = {isa = PBXFileReference; explicitFileType = wrapper.application; includeInIndex = 0; path = STALK.app; sourceTree = BUILT_PRODUCTS_DIR; };
		6311E8021B6263B3003070A0 /* Info.plist */ = {isa = PBXFileReference; lastKnownFileType = text.plist.xml; path = Info.plist; sourceTree = "<group>"; };
		6311E8031B6263B3003070A0 /* main.m */ = {isa = PBXFileReference; lastKnownFileType = sourcecode.c.objc; path = main.m; sourceTree = "<group>"; };
		6311E8051B6263B3003070A0 /* AppDelegate.h */ = {isa = PBXFileReference; lastKnownFileType = sourcecode.c.h; path = AppDelegate.h; sourceTree = "<group>"; };
		6311E8061B6263B3003070A0 /* AppDelegate.m */ = {isa = PBXFileReference; lastKnownFileType = sourcecode.c.objc; path = AppDelegate.m; sourceTree = "<group>"; };
		6311E8081B6263B3003070A0 /* MainScreen.h */ = {isa = PBXFileReference; lastKnownFileType = sourcecode.c.h; path = MainScreen.h; sourceTree = "<group>"; };
		6311E8091B6263B3003070A0 /* MainScreen.m */ = {isa = PBXFileReference; lastKnownFileType = sourcecode.c.objc; path = MainScreen.m; sourceTree = "<group>"; };
		6311E80C1B6263B3003070A0 /* Base */ = {isa = PBXFileReference; lastKnownFileType = file.storyboard; name = Base; path = Base.lproj/Main.storyboard; sourceTree = "<group>"; };
		6311E80E1B6263B3003070A0 /* Images.xcassets */ = {isa = PBXFileReference; lastKnownFileType = folder.assetcatalog; path = Images.xcassets; sourceTree = "<group>"; };
		6311E8111B6263B3003070A0 /* Base */ = {isa = PBXFileReference; lastKnownFileType = file.xib; name = Base; path = Base.lproj/LaunchScreen.xib; sourceTree = "<group>"; };
		6358BE901B632D45002F610B /* WebScreen.h */ = {isa = PBXFileReference; fileEncoding = 4; lastKnownFileType = sourcecode.c.h; path = WebScreen.h; sourceTree = "<group>"; };
		6358BE911B632D45002F610B /* WebScreen.m */ = {isa = PBXFileReference; fileEncoding = 4; lastKnownFileType = sourcecode.c.objc; path = WebScreen.m; sourceTree = "<group>"; };
		635A72111B626E89001C9E4D /* GCDAsyncSocket.h */ = {isa = PBXFileReference; fileEncoding = 4; lastKnownFileType = sourcecode.c.h; path = GCDAsyncSocket.h; sourceTree = "<group>"; };
		635A72121B626E89001C9E4D /* GCDAsyncSocket.m */ = {isa = PBXFileReference; fileEncoding = 4; lastKnownFileType = sourcecode.c.objc; path = GCDAsyncSocket.m; sourceTree = "<group>"; };
		635A72131B626E89001C9E4D /* GCDAsyncUdpSocket.h */ = {isa = PBXFileReference; fileEncoding = 4; lastKnownFileType = sourcecode.c.h; path = GCDAsyncUdpSocket.h; sourceTree = "<group>"; };
		635A72141B626E89001C9E4D /* GCDAsyncUdpSocket.m */ = {isa = PBXFileReference; fileEncoding = 4; lastKnownFileType = sourcecode.c.objc; path = GCDAsyncUdpSocket.m; sourceTree = "<group>"; };
		635A72171B626EDD001C9E4D /* StalkAgentScanner.h */ = {isa = PBXFileReference; fileEncoding = 4; lastKnownFileType = sourcecode.c.h; path = StalkAgentScanner.h; sourceTree = "<group>"; };
		635A72181B626EDD001C9E4D /* StalkAgentScanner.m */ = {isa = PBXFileReference; fileEncoding = 4; lastKnownFileType = sourcecode.c.objc; path = StalkAgentScanner.m; sourceTree = "<group>"; };
/* End PBXFileReference section */

/* Begin PBXFrameworksBuildPhase section */
		6311E7FB1B6263B3003070A0 /* Frameworks */ = {
			isa = PBXFrameworksBuildPhase;
			buildActionMask = 2147483647;
			files = (
			);
			runOnlyForDeploymentPostprocessing = 0;
		};
/* End PBXFrameworksBuildPhase section */

/* Begin PBXGroup section */
		6311E7F51B6263B3003070A0 = {
			isa = PBXGroup;
			children = (
				6311E8001B6263B3003070A0 /* STALK */,
				6311E7FF1B6263B3003070A0 /* Products */,
			);
			sourceTree = "<group>";
		};
		6311E7FF1B6263B3003070A0 /* Products */ = {
			isa = PBXGroup;
			children = (
				6311E7FE1B6263B3003070A0 /* STALK.app */,
			);
			name = Products;
			sourceTree = "<group>";
		};
		6311E8001B6263B3003070A0 /* STALK */ = {
			isa = PBXGroup;
			children = (
				6311E8051B6263B3003070A0 /* AppDelegate.h */,
				6311E8061B6263B3003070A0 /* AppDelegate.m */,
				635A72111B626E89001C9E4D /* GCDAsyncSocket.h */,
				635A72121B626E89001C9E4D /* GCDAsyncSocket.m */,
				635A72131B626E89001C9E4D /* GCDAsyncUdpSocket.h */,
				635A72141B626E89001C9E4D /* GCDAsyncUdpSocket.m */,
				6311E80E1B6263B3003070A0 /* Images.xcassets */,
				6311E8101B6263B3003070A0 /* LaunchScreen.xib */,
				6311E80B1B6263B3003070A0 /* Main.storyboard */,
				635A72171B626EDD001C9E4D /* StalkAgentScanner.h */,
				635A72181B626EDD001C9E4D /* StalkAgentScanner.m */,
				6311E8011B6263B3003070A0 /* Supporting Files */,
				6311E8081B6263B3003070A0 /* MainScreen.h */,
				6311E8091B6263B3003070A0 /* MainScreen.m */,
				6358BE901B632D45002F610B /* WebScreen.h */,
				6358BE911B632D45002F610B /* WebScreen.m */,
			);
			path = STALK;
			sourceTree = "<group>";
		};
		6311E8011B6263B3003070A0 /* Supporting Files */ = {
			isa = PBXGroup;
			children = (
				6311E8021B6263B3003070A0 /* Info.plist */,
				6311E8031B6263B3003070A0 /* main.m */,
			);
			name = "Supporting Files";
			sourceTree = "<group>";
		};
/* End PBXGroup section */

/* Begin PBXNativeTarget section */
		6311E7FD1B6263B3003070A0 /* STALK */ = {
			isa = PBXNativeTarget;
			buildConfigurationList = 6311E8211B6263B3003070A0 /* Build configuration list for PBXNativeTarget "STALK" */;
			buildPhases = (
				6311E7FA1B6263B3003070A0 /* Sources */,
				6311E7FB1B6263B3003070A0 /* Frameworks */,
				6311E7FC1B6263B3003070A0 /* Resources */,
			);
			buildRules = (
			);
			dependencies = (
			);
			name = STALK;
			productName = STALK;
			productReference = 6311E7FE1B6263B3003070A0 /* STALK.app */;
			productType = "com.apple.product-type.application";
		};
/* End PBXNativeTarget section */

/* Begin PBXProject section */
		6311E7F61B6263B3003070A0 /* Project object */ = {
			isa = PBXProject;
			attributes = {
				LastUpgradeCheck = 0640;
				ORGANIZATIONNAME = emerson;
				TargetAttributes = {
					6311E7FD1B6263B3003070A0 = {
						CreatedOnToolsVersion = 6.4;
						DevelopmentTeam = Z6YPBKW485;
					};
				};
			};
			buildConfigurationList = 6311E7F91B6263B3003070A0 /* Build configuration list for PBXProject "STALK" */;
			compatibilityVersion = "Xcode 3.2";
			developmentRegion = English;
			hasScannedForEncodings = 0;
			knownRegions = (
				en,
				Base,
			);
			mainGroup = 6311E7F51B6263B3003070A0;
			productRefGroup = 6311E7FF1B6263B3003070A0 /* Products */;
			projectDirPath = "";
			projectRoot = "";
			targets = (
				6311E7FD1B6263B3003070A0 /* STALK */,
			);
		};
/* End PBXProject section */

/* Begin PBXResourcesBuildPhase section */
		6311E7FC1B6263B3003070A0 /* Resources */ = {
			isa = PBXResourcesBuildPhase;
			buildActionMask = 2147483647;
			files = (
				6311E80D1B6263B3003070A0 /* Main.storyboard in Resources */,
				6311E8121B6263B3003070A0 /* LaunchScreen.xib in Resources */,
				6311E80F1B6263B3003070A0 /* Images.xcassets in Resources */,
			);
			runOnlyForDeploymentPostprocessing = 0;
		};
/* End PBXResourcesBuildPhase section */

/* Begin PBXSourcesBuildPhase section */
		6311E7FA1B6263B3003070A0 /* Sources */ = {
			isa = PBXSourcesBuildPhase;
			buildActionMask = 2147483647;
			files = (
				635A72151B626E89001C9E4D /* GCDAsyncSocket.m in Sources */,
				635A72161B626E89001C9E4D /* GCDAsyncUdpSocket.m in Sources */,
				6311E80A1B6263B3003070A0 /* MainScreen.m in Sources */,
				6311E8071B6263B3003070A0 /* AppDelegate.m in Sources */,
				6358BE921B632D45002F610B /* WebScreen.m in Sources */,
				635A72191B626EDD001C9E4D /* StalkAgentScanner.m in Sources */,
				6311E8041B6263B3003070A0 /* main.m in Sources */,
			);
			runOnlyForDeploymentPostprocessing = 0;
		};
/* End PBXSourcesBuildPhase section */

/* Begin PBXVariantGroup section */
		6311E80B1B6263B3003070A0 /* Main.storyboard */ = {
			isa = PBXVariantGroup;
			children = (
				6311E80C1B6263B3003070A0 /* Base */,
			);
			name = Main.storyboard;
			sourceTree = "<group>";
		};
		6311E8101B6263B3003070A0 /* LaunchScreen.xib */ = {
			isa = PBXVariantGroup;
			children = (
				6311E8111B6263B3003070A0 /* Base */,
			);
			name = LaunchScreen.xib;
			sourceTree = "<group>";
		};
/* End PBXVariantGroup section */

/* Begin XCBuildConfiguration section */
		6311E81F1B6263B3003070A0 /* Debug */ = {
			isa = XCBuildConfiguration;
			buildSettings = {
				ALWAYS_SEARCH_USER_PATHS = NO;
				CLANG_CXX_LANGUAGE_STANDARD = "gnu++0x";
				CLANG_CXX_LIBRARY = "libc++";
				CLANG_ENABLE_MODULES = YES;
				CLANG_ENABLE_OBJC_ARC = YES;
				CLANG_WARN_BOOL_CONVERSION = YES;
				CLANG_WARN_CONSTANT_CONVERSION = YES;
				CLANG_WARN_DIRECT_OBJC_ISA_USAGE = YES_ERROR;
				CLANG_WARN_EMPTY_BODY = YES;
				CLANG_WARN_ENUM_CONVERSION = YES;
				CLANG_WARN_INT_CONVERSION = YES;
				CLANG_WARN_OBJC_ROOT_CLASS = YES_ERROR;
				CLANG_WARN_UNREACHABLE_CODE = YES;
				CLANG_WARN__DUPLICATE_METHOD_MATCH = YES;
				"CODE_SIGN_IDENTITY[sdk=iphoneos*]" = "iPhone Developer";
				COPY_PHASE_STRIP = NO;
				DEBUG_INFORMATION_FORMAT = "dwarf-with-dsym";
				ENABLE_STRICT_OBJC_MSGSEND = YES;
				GCC_C_LANGUAGE_STANDARD = gnu99;
				GCC_DYNAMIC_NO_PIC = NO;
				GCC_NO_COMMON_BLOCKS = YES;
				GCC_OPTIMIZATION_LEVEL = 0;
				GCC_PREPROCESSOR_DEFINITIONS = (
					"DEBUG=1",
					"$(inherited)",
				);
				GCC_SYMBOLS_PRIVATE_EXTERN = NO;
				GCC_WARN_64_TO_32_BIT_CONVERSION = YES;
				GCC_WARN_ABOUT_RETURN_TYPE = YES_ERROR;
				GCC_WARN_UNDECLARED_SELECTOR = YES;
				GCC_WARN_UNINITIALIZED_AUTOS = YES_AGGRESSIVE;
				GCC_WARN_UNUSED_FUNCTION = YES;
				GCC_WARN_UNUSED_VARIABLE = YES;
				IPHONEOS_DEPLOYMENT_TARGET = 8.4;
				MTL_ENABLE_DEBUG_INFO = YES;
				ONLY_ACTIVE_ARCH = YES;
				SDKROOT = iphoneos;
				TARGETED_DEVICE_FAMILY = "1,2";
			};
			name = Debug;
		};
		6311E8201B6263B3003070A0 /* Release */ = {
			isa = XCBuildConfiguration;
			buildSettings = {
				ALWAYS_SEARCH_USER_PATHS = NO;
				CLANG_CXX_LANGUAGE_STANDARD = "gnu++0x";
				CLANG_CXX_LIBRARY = "libc++";
				CLANG_ENABLE_MODULES = YES;
				CLANG_ENABLE_OBJC_ARC = YES;
				CLANG_WARN_BOOL_CONVERSION = YES;
				CLANG_WARN_CONSTANT_CONVERSION = YES;
				CLANG_WARN_DIRECT_OBJC_ISA_USAGE = YES_ERROR;
				CLANG_WARN_EMPTY_BODY = YES;
				CLANG_WARN_ENUM_CONVERSION = YES;
				CLANG_WARN_INT_CONVERSION = YES;
				CLANG_WARN_OBJC_ROOT_CLASS = YES_ERROR;
				CLANG_WARN_UNREACHABLE_CODE = YES;
				CLANG_WARN__DUPLICATE_METHOD_MATCH = YES;
				"CODE_SIGN_IDENTITY[sdk=iphoneos*]" = "iPhone Developer";
				COPY_PHASE_STRIP = NO;
				DEBUG_INFORMATION_FORMAT = "dwarf-with-dsym";
				ENABLE_NS_ASSERTIONS = NO;
				ENABLE_STRICT_OBJC_MSGSEND = YES;
				GCC_C_LANGUAGE_STANDARD = gnu99;
				GCC_NO_COMMON_BLOCKS = YES;
				GCC_WARN_64_TO_32_BIT_CONVERSION = YES;
				GCC_WARN_ABOUT_RETURN_TYPE = YES_ERROR;
				GCC_WARN_UNDECLARED_SELECTOR = YES;
				GCC_WARN_UNINITIALIZED_AUTOS = YES_AGGRESSIVE;
				GCC_WARN_UNUSED_FUNCTION = YES;
				GCC_WARN_UNUSED_VARIABLE = YES;
				IPHONEOS_DEPLOYMENT_TARGET = 8.4;
				MTL_ENABLE_DEBUG_INFO = NO;
				SDKROOT = iphoneos;
				TARGETED_DEVICE_FAMILY = "1,2";
				VALIDATE_PRODUCT = YES;
			};
			name = Release;
		};
		6311E8221B6263B3003070A0 /* Debug */ = {
			isa = XCBuildConfiguration;
			buildSettings = {
				ASSETCATALOG_COMPILER_APPICON_NAME = AppIcon;
				CODE_SIGN_IDENTITY = "iPhone Developer";
				INFOPLIST_FILE = STALK/Info.plist;
				LD_RUNPATH_SEARCH_PATHS = "$(inherited) @executable_path/Frameworks";
				PRODUCT_NAME = "$(TARGET_NAME)";
			};
			name = Debug;
		};
		6311E8231B6263B3003070A0 /* Release */ = {
			isa = XCBuildConfiguration;
			buildSettings = {
				ASSETCATALOG_COMPILER_APPICON_NAME = AppIcon;
				CODE_SIGN_IDENTITY = "iPhone Developer";
				INFOPLIST_FILE = STALK/Info.plist;
				LD_RUNPATH_SEARCH_PATHS = "$(inherited) @executable_path/Frameworks";
				PRODUCT_NAME = "$(TARGET_NAME)";
			};
			name = Release;
		};
/* End XCBuildConfiguration section */

/* Begin XCConfigurationList section */
		6311E7F91B6263B3003070A0 /* Build configuration list for PBXProject "STALK" */ = {
			isa = XCConfigurationList;
			buildConfigurations = (
				6311E81F1B6263B3003070A0 /* Debug */,
				6311E8201B6263B3003070A0 /* Release */,
			);
			defaultConfigurationIsVisible = 0;
			defaultConfigurationName = Release;
		};
		6311E8211B6263B3003070A0 /* Build configuration list for PBXNativeTarget "STALK" */ = {
			isa = XCConfigurationList;
			buildConfigurations = (
				6311E8221B6263B3003070A0 /* Debug */,
				6311E8231B6263B3003070A0 /* Release */,
			);
			defaultConfigurationIsVisible = 0;
			defaultConfigurationName = Release;
		};
/* End XCConfigurationList section */
	};
	rootObject = 6311E7F61B6263B3003070A0 /* Project object */;
}
